
Microsoft Visual Studio Solution File, Format Version 12.00
# Visual Studio Version 17
VisualStudioVersion = 17.8.34330.188
MinimumVisualStudioVersion = 10.0.40219.1
Project("{FAE04EC0-301F-11D3-BF4B-00C04F79EFBC}") = "Odev3", "Odev3.csproj", "{68F6D30E-41CE-4725-99AD-BBBCDF85226A}"
EndProject
Global
	GlobalSection(SolutionConfigurationPlatforms) = preSolution
		Debug|Any CPU = Debug|Any CPU
		Release|Any CPU = Release|Any CPU
	EndGlobalSection
	GlobalSection(ProjectConfigurationPlatforms) = postSolution
		{68F6D30E-41CE-4725-99AD-BBBCDF85226A}.Debug|Any CPU.ActiveCfg = Debug|Any CPU
		{68F6D30E-41CE-4725-99AD-BBBCDF85226A}.Debug|Any CPU.Build.0 = Debug|Any CPU
		{68F6D30E-41CE-4725-99AD-BBBCDF85226A}.Release|Any CPU.ActiveCfg = Release|Any CPU
		{68F6D30E-41CE-4725-99AD-BBBCDF85226A}.Release|Any CPU.Build.0 = Release|Any CPU
	EndGlobalSection
	GlobalSection(SolutionProperties) = preSolution
		HideSolutionNode = FALSE
	EndGlobalSection
	GlobalSection(ExtensibilityGlobals) = postSolution
		SolutionGuid = {542FE148-0673-435B-837B-F1966F075A85}
	EndGlobalSection
EndGlobal
